
Microsoft Visual Studio Solution File, Format Version 12.00
# Visual Studio Version 17
VisualStudioVersion = 17.8.34511.84
MinimumVisualStudioVersion = 10.0.40219.1
Project("{FAE04EC0-301F-11D3-BF4B-00C04F79EFBC}") = "Interoperability-selenium-playwright", "Interoperability-selenium-playwright.csproj", "{D3529165-DFD6-40DF-910F-78AADFDE8E65}"
EndProject
Global
	GlobalSection(SolutionConfigurationPlatforms) = preSolution
		Debug|Any CPU = Debug|Any CPU
		Release|Any CPU = Release|Any CPU
	EndGlobalSection
	GlobalSection(ProjectConfigurationPlatforms) = postSolution
		{D3529165-DFD6-40DF-910F-78AADFDE8E65}.Debug|Any CPU.ActiveCfg = Debug|Any CPU
		{D3529165-DFD6-40DF-910F-78AADFDE8E65}.Debug|Any CPU.Build.0 = Debug|Any CPU
		{D3529165-DFD6-40DF-910F-78AADFDE8E65}.Release|Any CPU.ActiveCfg = Release|Any CPU
		{D3529165-DFD6-40DF-910F-78AADFDE8E65}.Release|Any CPU.Build.0 = Release|Any CPU
	EndGlobalSection
	GlobalSection(SolutionProperties) = preSolution
		HideSolutionNode = FALSE
	EndGlobalSection
	GlobalSection(ExtensibilityGlobals) = postSolution
		SolutionGuid = {BD0ADAFC-D610-4887-A3DD-B79E0346C718}
	EndGlobalSection
EndGlobal
